
Microsoft Visual Studio Solution File, Format Version 12.00
# Visual Studio Version 16
VisualStudioVersion = 16.0.29306.81
MinimumVisualStudioVersion = 10.0.40219.1
Project("{FAE04EC0-301F-11D3-BF4B-00C04F79EFBC}") = "Lab3", "Lab3\Lab3.csproj", "{7E12FA56-BFFA-4D9E-BDF2-7E82DD971F24}"
EndProject
Global
	GlobalSection(SolutionConfigurationPlatforms) = preSolution
		Debug|Any CPU = Debug|Any CPU
		Release|Any CPU = Release|Any CPU
	EndGlobalSection
	GlobalSection(ProjectConfigurationPlatforms) = postSolution
		{7E12FA56-BFFA-4D9E-BDF2-7E82DD971F24}.Debug|Any CPU.ActiveCfg = Debug|Any CPU
		{7E12FA56-BFFA-4D9E-BDF2-7E82DD971F24}.Debug|Any CPU.Build.0 = Debug|Any CPU
		{7E12FA56-BFFA-4D9E-BDF2-7E82DD971F24}.Release|Any CPU.ActiveCfg = Release|Any CPU
		{7E12FA56-BFFA-4D9E-BDF2-7E82DD971F24}.Release|Any CPU.Build.0 = Release|Any CPU
	EndGlobalSection
	GlobalSection(SolutionProperties) = preSolution
		HideSolutionNode = FALSE
	EndGlobalSection
	GlobalSection(ExtensibilityGlobals) = postSolution
		SolutionGuid = {6EDF27F4-AC88-4B0D-BCAC-9D95AAC80797}
	EndGlobalSection
EndGlobal
